
Microsoft Visual Studio Solution File, Format Version 12.00
# Visual Studio Version 16
VisualStudioVersion = 16.0.30804.86
MinimumVisualStudioVersion = 10.0.40219.1
Project("{FAE04EC0-301F-11D3-BF4B-00C04F79EFBC}") = "TodoApp", "TodoApp\TodoApp.csproj", "{1ABC6004-9512-4821-A0EF-7B4E20A98BCB}"
EndProject
Global
	GlobalSection(SolutionConfigurationPlatforms) = preSolution
		Debug|Any CPU = Debug|Any CPU
		Release|Any CPU = Release|Any CPU
	EndGlobalSection
	GlobalSection(ProjectConfigurationPlatforms) = postSolution
		{1ABC6004-9512-4821-A0EF-7B4E20A98BCB}.Debug|Any CPU.ActiveCfg = Debug|Any CPU
		{1ABC6004-9512-4821-A0EF-7B4E20A98BCB}.Debug|Any CPU.Build.0 = Debug|Any CPU
		{1ABC6004-9512-4821-A0EF-7B4E20A98BCB}.Release|Any CPU.ActiveCfg = Release|Any CPU
		{1ABC6004-9512-4821-A0EF-7B4E20A98BCB}.Release|Any CPU.Build.0 = Release|Any CPU
	EndGlobalSection
	GlobalSection(SolutionProperties) = preSolution
		HideSolutionNode = FALSE
	EndGlobalSection
	GlobalSection(ExtensibilityGlobals) = postSolution
		SolutionGuid = {69151D38-C580-46AE-A47F-BDB16163B6C9}
	EndGlobalSection
EndGlobal
